
Microsoft Visual Studio Solution File, Format Version 12.00
# Visual Studio Version 16
VisualStudioVersion = 16.0.30002.166
MinimumVisualStudioVersion = 10.0.40219.1
Project("{9A19103F-16F7-4668-BE54-9A1E7A4F7556}") = "TrainersSource.WebService", "TrainersSource.WebService\TrainersSource.WebService.csproj", "{DF5898E6-C416-4C30-9034-BEE440C71DC1}"
EndProject
Project("{9A19103F-16F7-4668-BE54-9A1E7A4F7556}") = "TrainersSource.DesktopClient", "TrainersSource.DesktopClient\TrainersSource.DesktopClient.csproj", "{C9398078-19B6-482A-822D-2900D63570BA}"
EndProject
Project("{9A19103F-16F7-4668-BE54-9A1E7A4F7556}") = "TrainersSource.GeneralLogic", "TrainersSource.GeneralLogic\TrainersSource.GeneralLogic.csproj", "{82AC109C-0D57-4451-9000-16B9C511835A}"
EndProject
Project("{9A19103F-16F7-4668-BE54-9A1E7A4F7556}") = "TrainersSource.WebService.Tests", "TrainersSource.WebService.Tests\TrainersSource.WebService.Tests.csproj", "{1E60E464-0218-469D-8FF9-688DD0C9A2AD}"
EndProject
Global
	GlobalSection(SolutionConfigurationPlatforms) = preSolution
		Debug|Any CPU = Debug|Any CPU
		Release|Any CPU = Release|Any CPU
	EndGlobalSection
	GlobalSection(ProjectConfigurationPlatforms) = postSolution
		{DF5898E6-C416-4C30-9034-BEE440C71DC1}.Debug|Any CPU.ActiveCfg = Debug|Any CPU
		{DF5898E6-C416-4C30-9034-BEE440C71DC1}.Debug|Any CPU.Build.0 = Debug|Any CPU
		{DF5898E6-C416-4C30-9034-BEE440C71DC1}.Release|Any CPU.ActiveCfg = Release|Any CPU
		{DF5898E6-C416-4C30-9034-BEE440C71DC1}.Release|Any CPU.Build.0 = Release|Any CPU
		{C9398078-19B6-482A-822D-2900D63570BA}.Debug|Any CPU.ActiveCfg = Debug|Any CPU
		{C9398078-19B6-482A-822D-2900D63570BA}.Debug|Any CPU.Build.0 = Debug|Any CPU
		{C9398078-19B6-482A-822D-2900D63570BA}.Release|Any CPU.ActiveCfg = Release|Any CPU
		{C9398078-19B6-482A-822D-2900D63570BA}.Release|Any CPU.Build.0 = Release|Any CPU
		{82AC109C-0D57-4451-9000-16B9C511835A}.Debug|Any CPU.ActiveCfg = Debug|Any CPU
		{82AC109C-0D57-4451-9000-16B9C511835A}.Debug|Any CPU.Build.0 = Debug|Any CPU
		{82AC109C-0D57-4451-9000-16B9C511835A}.Release|Any CPU.ActiveCfg = Release|Any CPU
		{82AC109C-0D57-4451-9000-16B9C511835A}.Release|Any CPU.Build.0 = Release|Any CPU
		{1E60E464-0218-469D-8FF9-688DD0C9A2AD}.Debug|Any CPU.ActiveCfg = Debug|Any CPU
		{1E60E464-0218-469D-8FF9-688DD0C9A2AD}.Debug|Any CPU.Build.0 = Debug|Any CPU
		{1E60E464-0218-469D-8FF9-688DD0C9A2AD}.Release|Any CPU.ActiveCfg = Release|Any CPU
		{1E60E464-0218-469D-8FF9-688DD0C9A2AD}.Release|Any CPU.Build.0 = Release|Any CPU
	EndGlobalSection
	GlobalSection(SolutionProperties) = preSolution
		HideSolutionNode = FALSE
	EndGlobalSection
	GlobalSection(ExtensibilityGlobals) = postSolution
		SolutionGuid = {49B6F2E4-AC32-4A40-A5E0-20333D631336}
	EndGlobalSection
EndGlobal
